
Microsoft Visual Studio Solution File, Format Version 12.00
# Visual Studio 15
VisualStudioVersion = 15.0.27703.2026
MinimumVisualStudioVersion = 10.0.40219.1
Project("{FAE04EC0-301F-11D3-BF4B-00C04F79EFBC}") = "PS4 Trainer Menu", "PS4 Trainer Menu\PS4 Trainer Menu.csproj", "{DD5B7103-B2F0-4214-B7D4-4D16EBFA1B4F}"
EndProject
Global
	GlobalSection(SolutionConfigurationPlatforms) = preSolution
		Debug|Any CPU = Debug|Any CPU
		Release|Any CPU = Release|Any CPU
	EndGlobalSection
	GlobalSection(ProjectConfigurationPlatforms) = postSolution
		{DD5B7103-B2F0-4214-B7D4-4D16EBFA1B4F}.Debug|Any CPU.ActiveCfg = Debug|Any CPU
		{DD5B7103-B2F0-4214-B7D4-4D16EBFA1B4F}.Debug|Any CPU.Build.0 = Debug|Any CPU
		{DD5B7103-B2F0-4214-B7D4-4D16EBFA1B4F}.Release|Any CPU.ActiveCfg = Release|Any CPU
		{DD5B7103-B2F0-4214-B7D4-4D16EBFA1B4F}.Release|Any CPU.Build.0 = Release|Any CPU
	EndGlobalSection
	GlobalSection(SolutionProperties) = preSolution
		HideSolutionNode = FALSE
	EndGlobalSection
	GlobalSection(ExtensibilityGlobals) = postSolution
		SolutionGuid = {B4E8C8AE-EE79-431A-85AA-5AB0ADCC2415}
	EndGlobalSection
EndGlobal
